# This file was autogenerated by Stack.
# You should not edit this file by hand.
# For more information, please see the documentation at:
#   https://docs.haskellstack.org/en/stable/lock_files

snapshots:
- original: nightly-2020-06-25
  completed:
    sha256: 96e98363790e62f4498da632069a03101cf588b3b47925e707f080cff4b6cfbb
    url: https://raw.githubusercontent.com/commercialhaskell/stackage-snapshots/master/nightly/2020/6/25.yaml
    size: 503181
packages:
- original:
    hackage: smtp-mail-0.3.0.0
  completed:
    pantry-tree:
      sha256: 4d319cb6c22b35ca043a83210cd09bfbf99eec3dca4945cd53ed5b7c96f7daca
      size: 450
    hackage: smtp-mail-0.3.0.0@sha256:2e6d9cb29d09a5a04d77a905eb1b570b94b5654e24d40630ea96aa374474c12f,1239
- original:
    url: https://github.com/PLSysSec/frankie/archive/b9ee2c0f7667025d0d0ac3a43ded43d1d1d63c28.tar.gz
  completed:
    pantry-tree:
      sha256: cbdda0fb1f9b56d3e356cbee1bec9014e9fa0682d59d65075fae507c17341a59
      size: 1079
    version: 0.0.0.1
    name: frankie
    sha256: f83bdc83c0adc4ee3accde25ae3f38f1ae332753a45ca9f0f7f26f5f17b0f55d
    url: https://github.com/PLSysSec/frankie/archive/b9ee2c0f7667025d0d0ac3a43ded43d1d1d63c28.tar.gz
    size: 18539
- original:
    url: https://github.com/storm-framework/storm/archive/f746ff1bf4876ac55618224b41a1271db291608a.tar.gz
  completed:
    pantry-tree:
      sha256: 0e5f7a332164bb48b87df04d03ce004fddd32faf5680483abe97744e6db86ec6
      size: 1319
    version: 0.1.0.0
    name: storm
    sha256: 3977c7f9e458eea7d5349884253975a345788caf94a5dd20475ac8c5be5f09fc
    url: https://github.com/storm-framework/storm/archive/f746ff1bf4876ac55618224b41a1271db291608a.tar.gz
    size: 14662
- original:
    hackage: text-format-0.3.2
  completed:
    pantry-tree:
      sha256: 2db26ddb77184186e0d5b2b020bdfbeb044c168024767b1fa3691682ca618896
      size: 1029
    hackage: text-format-0.3.2@sha256:2a3fc17cf87120fcfdbca62a0da59759755549285841cdc1483081c35fb3d115,1814
- original:
    hackage: Diff-0.3.4
  completed:
    pantry-tree:
      sha256: 48d1b942ff99293d69a8ca4ea60f372093e5aeea73f63d11829ceca01d63c7fd
      size: 416
    hackage: Diff-0.3.4@sha256:5ab20a407f9e65d13b642c3cd414906a40280343a31b388f6ed69b9228fe42c1,1127
- original:
    url: https://github.com/ucsd-progsys/liquid-fixpoint/archive/58e3123f41dedd6082177303bb4b6bf4349edf46.tar.gz
  completed:
    pantry-tree:
      sha256: 95c08775f662e5b9d405ebcb38545f4f71cfd27d78947bdf731412e843fbdb1d
      size: 20114
    version: 0.8.10.2.1
    name: liquid-fixpoint
    sha256: ae5e645d1c147af673b6063773021e9ec4ffd895927b960cc4e44aee00d9f5e2
    url: https://github.com/ucsd-progsys/liquid-fixpoint/archive/58e3123f41dedd6082177303bb4b6bf4349edf46.tar.gz
    size: 281564
- original:
    subdir: .
    url: https://github.com/ucsd-progsys/liquidhaskell/archive/ad7f0cf5b86cb62fa855f3392bfa34f65225c4ed.tar.gz
  completed:
    pantry-tree:
      sha256: 9f5acc21ea28d0921d4da987aac7fa735a316f6a83138b501923c2f11ed80efd
      size: 267241
    subdir: .
    version: 0.8.10.2.1
    name: liquidhaskell
    sha256: 3fe5e3efadade25ab248cb1417883a2fe8e76b7b6364933a2c36f942ac3a6b00
    url: https://github.com/ucsd-progsys/liquidhaskell/archive/ad7f0cf5b86cb62fa855f3392bfa34f65225c4ed.tar.gz
    size: 13489727
- original:
    subdir: liquid-base
    url: https://github.com/ucsd-progsys/liquidhaskell/archive/ad7f0cf5b86cb62fa855f3392bfa34f65225c4ed.tar.gz
  completed:
    pantry-tree:
      sha256: b13de0194a3c2d497e2a637e5943aa0bb2780264aa101befea400ea96ad4daf5
      size: 14994
    subdir: liquid-base
    version: 4.14.1.0
    name: liquid-base
    sha256: 3fe5e3efadade25ab248cb1417883a2fe8e76b7b6364933a2c36f942ac3a6b00
    url: https://github.com/ucsd-progsys/liquidhaskell/archive/ad7f0cf5b86cb62fa855f3392bfa34f65225c4ed.tar.gz
    size: 13489727
- original:
    subdir: liquid-ghc-prim
    url: https://github.com/ucsd-progsys/liquidhaskell/archive/ad7f0cf5b86cb62fa855f3392bfa34f65225c4ed.tar.gz
  completed:
    pantry-tree:
      sha256: 32e23b452cc615f804cf09758ea66eccca47baa4d468ff644b079b764a944f60
      size: 858
    subdir: liquid-ghc-prim
    version: 0.6.1
    name: liquid-ghc-prim
    sha256: 3fe5e3efadade25ab248cb1417883a2fe8e76b7b6364933a2c36f942ac3a6b00
    url: https://github.com/ucsd-progsys/liquidhaskell/archive/ad7f0cf5b86cb62fa855f3392bfa34f65225c4ed.tar.gz
    size: 13489727
