# This file was autogenerated by Stack.
# You should not edit this file by hand.
# For more information, please see the documentation at:
#   https://docs.haskellstack.org/en/stable/lock_files

snapshots:
- original: nightly-2020-06-25
  completed:
    sha256: 96e98363790e62f4498da632069a03101cf588b3b47925e707f080cff4b6cfbb
    url: https://raw.githubusercontent.com/commercialhaskell/stackage-snapshots/master/nightly/2020/6/25.yaml
    size: 503181
packages:
- original:
    hackage: smtp-mail-0.3.0.0
  completed:
    pantry-tree:
      sha256: 4d319cb6c22b35ca043a83210cd09bfbf99eec3dca4945cd53ed5b7c96f7daca
      size: 450
    hackage: smtp-mail-0.3.0.0@sha256:2e6d9cb29d09a5a04d77a905eb1b570b94b5654e24d40630ea96aa374474c12f,1239
- original:
    hackage: text-format-0.3.2
  completed:
    pantry-tree:
      sha256: 2db26ddb77184186e0d5b2b020bdfbeb044c168024767b1fa3691682ca618896
      size: 1029
    hackage: text-format-0.3.2@sha256:2a3fc17cf87120fcfdbca62a0da59759755549285841cdc1483081c35fb3d115,1814
- original:
    hackage: Diff-0.3.4
  completed:
    pantry-tree:
      sha256: 48d1b942ff99293d69a8ca4ea60f372093e5aeea73f63d11829ceca01d63c7fd
      size: 416
    hackage: Diff-0.3.4@sha256:5ab20a407f9e65d13b642c3cd414906a40280343a31b388f6ed69b9228fe42c1,1127
- original:
    hackage: liquid-fixpoint-0.8.10.2
  completed:
    pantry-tree:
      sha256: 7efb1b4ca372a0bf356cdd01ad1c504e228194de7db5bbedfffe9d9e87917a1a
      size: 14011
    hackage: liquid-fixpoint-0.8.10.2@sha256:1646c4cc5f81349356a0d37bd3c8f4db74ced9e1707a2e19915c8d2fa6ae9e43,7306
- original:
    hackage: liquidhaskell-0.8.10.2
  completed:
    pantry-tree:
      sha256: c8bb733484e14ae2ca10a4cb726701f52258e170b246d5f378cbc642bc1d0082
      size: 69560
    hackage: liquidhaskell-0.8.10.2@sha256:fc79e92fc4de0aec47965e457915ef7a5be9fd1d3ec1d3a681a9909f5286bf8f,15777
- original:
    hackage: liquid-base-4.14.1.0
  completed:
    pantry-tree:
      sha256: f5d02ebd3d54536d8fe1074fc727bcd64de2b1666936a70e57c534576d9ff4f2
      size: 14924
    hackage: liquid-base-4.14.1.0@sha256:5df5cf52b893238e243b48ee647389caa81fbb838c9de26691ded4a3f091c5a3,9066
- original:
    hackage: liquid-ghc-prim-0.6.1
  completed:
    pantry-tree:
      sha256: b8b0bde3cc45e2e7f3517f24aa8a96e224bfb5cab08df4259cf2a597d9748104
      size: 858
    hackage: liquid-ghc-prim-0.6.1@sha256:83ef2d8fb705f31f269ce2b3e05af4333fb77c7083d3a56c25032dffd6dfd7b7,1766
- original:
    url: https://github.com/PLSysSec/frankie/archive/b9ee2c0f7667025d0d0ac3a43ded43d1d1d63c28.tar.gz
  completed:
    pantry-tree:
      sha256: cbdda0fb1f9b56d3e356cbee1bec9014e9fa0682d59d65075fae507c17341a59
      size: 1079
    version: 0.0.0.1
    name: frankie
    sha256: f83bdc83c0adc4ee3accde25ae3f38f1ae332753a45ca9f0f7f26f5f17b0f55d
    url: https://github.com/PLSysSec/frankie/archive/b9ee2c0f7667025d0d0ac3a43ded43d1d1d63c28.tar.gz
    size: 18539
- original:
    url: https://github.com/storm-framework/storm/archive/90ac0528832dea42c3abaa0090bf505ddd223f35.tar.gz
  completed:
    pantry-tree:
      sha256: 8994febec9f52388ea56b5b71dc9e44a64a50416b3a8453decbfb59aa70c7f89
      size: 1320
    version: 0.1.0.0
    name: storm
    sha256: 95cd9e9e8c03e1b19ff503f35685aa579247756bcbdca216af93ee605a5c536f
    url: https://github.com/storm-framework/storm/archive/90ac0528832dea42c3abaa0090bf505ddd223f35.tar.gz
    size: 15713
